// !$*UTF8*$!
{
	archiveVersion = 1;
	classes = {
	};
	objectVersion = 55;
	objects = {

/* Begin PBXBuildFile section */
		7418E0DA28A0FBC300E4355B /* AppDelegate.swift in Sources */ = {isa = PBXBuildFile; fileRef = 7418E0D928A0FBC300E4355B /* AppDelegate.swift */; };
		7418E0E128A0FBC300E4355B /* Main.storyboard in Resources */ = {isa = PBXBuildFile; fileRef = 7418E0DF28A0FBC300E4355B /* Main.storyboard */; };
		7418E0E328A0FBC400E4355B /* Assets.xcassets in Resources */ = {isa = PBXBuildFile; fileRef = 7418E0E228A0FBC400E4355B /* Assets.xcassets */; };
		7418E0E628A0FBC400E4355B /* LaunchScreen.storyboard in Resources */ = {isa = PBXBuildFile; fileRef = 7418E0E428A0FBC400E4355B /* LaunchScreen.storyboard */; };
		7418E10B28A0FD1600E4355B /* TabBarModel.swift in Sources */ = {isa = PBXBuildFile; fileRef = 7418E10A28A0FD1600E4355B /* TabBarModel.swift */; };
		7418E10D28A0FDAA00E4355B /* TabBarConfigurator.swift in Sources */ = {isa = PBXBuildFile; fileRef = 7418E10C28A0FDAA00E4355B /* TabBarConfigurator.swift */; };
		7418E11128A0FEAA00E4355B /* MainViewController.swift in Sources */ = {isa = PBXBuildFile; fileRef = 7418E10F28A0FEAA00E4355B /* MainViewController.swift */; };
		7418E11228A0FEAA00E4355B /* MainViewController.xib in Resources */ = {isa = PBXBuildFile; fileRef = 7418E11028A0FEAA00E4355B /* MainViewController.xib */; };
		7418E11628A0FEE300E4355B /* ProfileViewController.swift in Sources */ = {isa = PBXBuildFile; fileRef = 7418E11428A0FEE300E4355B /* ProfileViewController.swift */; };
		7418E11728A0FEE300E4355B /* ProfileViewController.xib in Resources */ = {isa = PBXBuildFile; fileRef = 7418E11528A0FEE300E4355B /* ProfileViewController.xib */; };
		7418E11B28A0FF1E00E4355B /* FavoriteViewController.swift in Sources */ = {isa = PBXBuildFile; fileRef = 7418E11928A0FF1E00E4355B /* FavoriteViewController.swift */; };
		7418E11C28A0FF1E00E4355B /* FavoriteViewController.xib in Resources */ = {isa = PBXBuildFile; fileRef = 7418E11A28A0FF1E00E4355B /* FavoriteViewController.xib */; };
		74F95FE728A2648900E763A4 /* MainModel.swift in Sources */ = {isa = PBXBuildFile; fileRef = 74F95FE628A2648900E763A4 /* MainModel.swift */; };
		74F95FEB28A264E100E763A4 /* MainItemCollectionViewCell.swift in Sources */ = {isa = PBXBuildFile; fileRef = 74F95FE928A264E100E763A4 /* MainItemCollectionViewCell.swift */; };
		74F95FEC28A264E100E763A4 /* MainItemCollectionViewCell.xib in Resources */ = {isa = PBXBuildFile; fileRef = 74F95FEA28A264E100E763A4 /* MainItemCollectionViewCell.xib */; };
		74F95FEE28A2678C00E763A4 /* DetailItemModel.swift in Sources */ = {isa = PBXBuildFile; fileRef = 74F95FED28A2678C00E763A4 /* DetailItemModel.swift */; };
		74F95FF328A2684200E763A4 /* DetailViewController.swift in Sources */ = {isa = PBXBuildFile; fileRef = 74F95FF128A2684200E763A4 /* DetailViewController.swift */; };
		74F95FF428A2684200E763A4 /* DetailViewController.xib in Resources */ = {isa = PBXBuildFile; fileRef = 74F95FF228A2684200E763A4 /* DetailViewController.xib */; };
		74F95FFA28A268F500E763A4 /* DetailTextTableViewCell.swift in Sources */ = {isa = PBXBuildFile; fileRef = 74F95FF828A268F500E763A4 /* DetailTextTableViewCell.swift */; };
		74F95FFB28A268F500E763A4 /* DetailTextTableViewCell.xib in Resources */ = {isa = PBXBuildFile; fileRef = 74F95FF928A268F500E763A4 /* DetailTextTableViewCell.xib */; };
		74F95FFE28A2690F00E763A4 /* DetailTitleTableViewCell.swift in Sources */ = {isa = PBXBuildFile; fileRef = 74F95FFC28A2690F00E763A4 /* DetailTitleTableViewCell.swift */; };
		74F95FFF28A2690F00E763A4 /* DetailTitleTableViewCell.xib in Resources */ = {isa = PBXBuildFile; fileRef = 74F95FFD28A2690F00E763A4 /* DetailTitleTableViewCell.xib */; };
		74F9600228A2692A00E763A4 /* DetailImageTableViewCell.swift in Sources */ = {isa = PBXBuildFile; fileRef = 74F9600028A2692A00E763A4 /* DetailImageTableViewCell.swift */; };
		74F9600328A2692A00E763A4 /* DetailImageTableViewCell.xib in Resources */ = {isa = PBXBuildFile; fileRef = 74F9600128A2692A00E763A4 /* DetailImageTableViewCell.xib */; };
/* End PBXBuildFile section */

/* Begin PBXFileReference section */
		7418E0D628A0FBC300E4355B /* SurfSummerSchoolProject.app */ = {isa = PBXFileReference; explicitFileType = wrapper.application; includeInIndex = 0; path = SurfSummerSchoolProject.app; sourceTree = BUILT_PRODUCTS_DIR; };
		7418E0D928A0FBC300E4355B /* AppDelegate.swift */ = {isa = PBXFileReference; lastKnownFileType = sourcecode.swift; path = AppDelegate.swift; sourceTree = "<group>"; };
		7418E0E028A0FBC300E4355B /* Base */ = {isa = PBXFileReference; lastKnownFileType = file.storyboard; name = Base; path = Base.lproj/Main.storyboard; sourceTree = "<group>"; };
		7418E0E228A0FBC400E4355B /* Assets.xcassets */ = {isa = PBXFileReference; lastKnownFileType = folder.assetcatalog; path = Assets.xcassets; sourceTree = "<group>"; };
		7418E0E528A0FBC400E4355B /* Base */ = {isa = PBXFileReference; lastKnownFileType = file.storyboard; name = Base; path = Base.lproj/LaunchScreen.storyboard; sourceTree = "<group>"; };
		7418E0E728A0FBC400E4355B /* Info.plist */ = {isa = PBXFileReference; lastKnownFileType = text.plist.xml; path = Info.plist; sourceTree = "<group>"; };
		7418E10A28A0FD1600E4355B /* TabBarModel.swift */ = {isa = PBXFileReference; lastKnownFileType = sourcecode.swift; path = TabBarModel.swift; sourceTree = "<group>"; };
		7418E10C28A0FDAA00E4355B /* TabBarConfigurator.swift */ = {isa = PBXFileReference; lastKnownFileType = sourcecode.swift; path = TabBarConfigurator.swift; sourceTree = "<group>"; };
		7418E10F28A0FEAA00E4355B /* MainViewController.swift */ = {isa = PBXFileReference; lastKnownFileType = sourcecode.swift; path = MainViewController.swift; sourceTree = "<group>"; };
		7418E11028A0FEAA00E4355B /* MainViewController.xib */ = {isa = PBXFileReference; lastKnownFileType = file.xib; path = MainViewController.xib; sourceTree = "<group>"; };
		7418E11428A0FEE300E4355B /* ProfileViewController.swift */ = {isa = PBXFileReference; lastKnownFileType = sourcecode.swift; path = ProfileViewController.swift; sourceTree = "<group>"; };
		7418E11528A0FEE300E4355B /* ProfileViewController.xib */ = {isa = PBXFileReference; lastKnownFileType = file.xib; path = ProfileViewController.xib; sourceTree = "<group>"; };
		7418E11928A0FF1E00E4355B /* FavoriteViewController.swift */ = {isa = PBXFileReference; lastKnownFileType = sourcecode.swift; path = FavoriteViewController.swift; sourceTree = "<group>"; };
		7418E11A28A0FF1E00E4355B /* FavoriteViewController.xib */ = {isa = PBXFileReference; lastKnownFileType = file.xib; path = FavoriteViewController.xib; sourceTree = "<group>"; };
		74F95FE628A2648900E763A4 /* MainModel.swift */ = {isa = PBXFileReference; lastKnownFileType = sourcecode.swift; path = MainModel.swift; sourceTree = "<group>"; };
		74F95FE928A264E100E763A4 /* MainItemCollectionViewCell.swift */ = {isa = PBXFileReference; lastKnownFileType = sourcecode.swift; path = MainItemCollectionViewCell.swift; sourceTree = "<group>"; };
		74F95FEA28A264E100E763A4 /* MainItemCollectionViewCell.xib */ = {isa = PBXFileReference; lastKnownFileType = file.xib; path = MainItemCollectionViewCell.xib; sourceTree = "<group>"; };
		74F95FED28A2678C00E763A4 /* DetailItemModel.swift */ = {isa = PBXFileReference; lastKnownFileType = sourcecode.swift; path = DetailItemModel.swift; sourceTree = "<group>"; };
		74F95FF128A2684200E763A4 /* DetailViewController.swift */ = {isa = PBXFileReference; lastKnownFileType = sourcecode.swift; path = DetailViewController.swift; sourceTree = "<group>"; };
		74F95FF228A2684200E763A4 /* DetailViewController.xib */ = {isa = PBXFileReference; lastKnownFileType = file.xib; path = DetailViewController.xib; sourceTree = "<group>"; };
		74F95FF828A268F500E763A4 /* DetailTextTableViewCell.swift */ = {isa = PBXFileReference; lastKnownFileType = sourcecode.swift; path = DetailTextTableViewCell.swift; sourceTree = "<group>"; };
		74F95FF928A268F500E763A4 /* DetailTextTableViewCell.xib */ = {isa = PBXFileReference; lastKnownFileType = file.xib; path = DetailTextTableViewCell.xib; sourceTree = "<group>"; };
		74F95FFC28A2690F00E763A4 /* DetailTitleTableViewCell.swift */ = {isa = PBXFileReference; lastKnownFileType = sourcecode.swift; path = DetailTitleTableViewCell.swift; sourceTree = "<group>"; };
		74F95FFD28A2690F00E763A4 /* DetailTitleTableViewCell.xib */ = {isa = PBXFileReference; lastKnownFileType = file.xib; path = DetailTitleTableViewCell.xib; sourceTree = "<group>"; };
		74F9600028A2692A00E763A4 /* DetailImageTableViewCell.swift */ = {isa = PBXFileReference; lastKnownFileType = sourcecode.swift; path = DetailImageTableViewCell.swift; sourceTree = "<group>"; };
		74F9600128A2692A00E763A4 /* DetailImageTableViewCell.xib */ = {isa = PBXFileReference; lastKnownFileType = file.xib; path = DetailImageTableViewCell.xib; sourceTree = "<group>"; };
/* End PBXFileReference section */

/* Begin PBXFrameworksBuildPhase section */
		7418E0D328A0FBC300E4355B /* Frameworks */ = {
			isa = PBXFrameworksBuildPhase;
			buildActionMask = 2147483647;
			files = (
			);
			runOnlyForDeploymentPostprocessing = 0;
		};
/* End PBXFrameworksBuildPhase section */

/* Begin PBXGroup section */
		7418E0CD28A0FBC300E4355B = {
			isa = PBXGroup;
			children = (
				7418E0D828A0FBC300E4355B /* SurfSummerSchoolProject */,
				7418E0D728A0FBC300E4355B /* Products */,
			);
			sourceTree = "<group>";
		};
		7418E0D728A0FBC300E4355B /* Products */ = {
			isa = PBXGroup;
			children = (
				7418E0D628A0FBC300E4355B /* SurfSummerSchoolProject.app */,
			);
			name = Products;
			sourceTree = "<group>";
		};
		7418E0D828A0FBC300E4355B /* SurfSummerSchoolProject */ = {
			isa = PBXGroup;
			children = (
				7418E10928A0FCF700E4355B /* MainFlow */,
				7418E11828A0FF0100E4355B /* FavoriteModule */,
				7418E11328A0FEC300E4355B /* ProfileModule */,
				7418E10E28A0FE6D00E4355B /* MainModule */,
				7418E0D928A0FBC300E4355B /* AppDelegate.swift */,
				7418E0DF28A0FBC300E4355B /* Main.storyboard */,
				7418E0E228A0FBC400E4355B /* Assets.xcassets */,
				7418E0E428A0FBC400E4355B /* LaunchScreen.storyboard */,
				7418E0E728A0FBC400E4355B /* Info.plist */,
			);
			path = SurfSummerSchoolProject;
			sourceTree = "<group>";
		};
		7418E10928A0FCF700E4355B /* MainFlow */ = {
			isa = PBXGroup;
			children = (
				74F95FEF28A267E800E763A4 /* DetailModule */,
				7418E10A28A0FD1600E4355B /* TabBarModel.swift */,
				7418E10C28A0FDAA00E4355B /* TabBarConfigurator.swift */,
			);
			path = MainFlow;
			sourceTree = "<group>";
		};
		7418E10E28A0FE6D00E4355B /* MainModule */ = {
			isa = PBXGroup;
			children = (
				74F95FE828A264B200E763A4 /* Cells */,
				7418E10F28A0FEAA00E4355B /* MainViewController.swift */,
				7418E11028A0FEAA00E4355B /* MainViewController.xib */,
				74F95FE628A2648900E763A4 /* MainModel.swift */,
				74F95FED28A2678C00E763A4 /* DetailItemModel.swift */,
			);
			path = MainModule;
			sourceTree = "<group>";
		};
		7418E11328A0FEC300E4355B /* ProfileModule */ = {
			isa = PBXGroup;
			children = (
				7418E11428A0FEE300E4355B /* ProfileViewController.swift */,
				7418E11528A0FEE300E4355B /* ProfileViewController.xib */,
			);
			path = ProfileModule;
			sourceTree = "<group>";
		};
		7418E11828A0FF0100E4355B /* FavoriteModule */ = {
			isa = PBXGroup;
			children = (
				7418E11928A0FF1E00E4355B /* FavoriteViewController.swift */,
				7418E11A28A0FF1E00E4355B /* FavoriteViewController.xib */,
			);
			path = FavoriteModule;
			sourceTree = "<group>";
		};
		74F95FE828A264B200E763A4 /* Cells */ = {
			isa = PBXGroup;
			children = (
				74F95FE928A264E100E763A4 /* MainItemCollectionViewCell.swift */,
				74F95FEA28A264E100E763A4 /* MainItemCollectionViewCell.xib */,
			);
			path = Cells;
			sourceTree = "<group>";
		};
		74F95FEF28A267E800E763A4 /* DetailModule */ = {
			isa = PBXGroup;
			children = (
				74F95FF028A2681900E763A4 /* Cells */,
				74F95FF128A2684200E763A4 /* DetailViewController.swift */,
				74F95FF228A2684200E763A4 /* DetailViewController.xib */,
			);
			path = DetailModule;
			sourceTree = "<group>";
		};
		74F95FF028A2681900E763A4 /* Cells */ = {
			isa = PBXGroup;
			children = (
				74F95FF728A268C700E763A4 /* ImageCell */,
				74F95FF628A268BE00E763A4 /* TitleCell */,
				74F95FF528A268B700E763A4 /* TextCell */,
			);
			path = Cells;
			sourceTree = "<group>";
		};
		74F95FF528A268B700E763A4 /* TextCell */ = {
			isa = PBXGroup;
			children = (
				74F95FF828A268F500E763A4 /* DetailTextTableViewCell.swift */,
				74F95FF928A268F500E763A4 /* DetailTextTableViewCell.xib */,
			);
			path = TextCell;
			sourceTree = "<group>";
		};
		74F95FF628A268BE00E763A4 /* TitleCell */ = {
			isa = PBXGroup;
			children = (
				74F95FFC28A2690F00E763A4 /* DetailTitleTableViewCell.swift */,
				74F95FFD28A2690F00E763A4 /* DetailTitleTableViewCell.xib */,
			);
			path = TitleCell;
			sourceTree = "<group>";
		};
		74F95FF728A268C700E763A4 /* ImageCell */ = {
			isa = PBXGroup;
			children = (
				74F9600028A2692A00E763A4 /* DetailImageTableViewCell.swift */,
				74F9600128A2692A00E763A4 /* DetailImageTableViewCell.xib */,
			);
			path = ImageCell;
			sourceTree = "<group>";
		};
/* End PBXGroup section */

/* Begin PBXNativeTarget section */
		7418E0D528A0FBC300E4355B /* SurfSummerSchoolProject */ = {
			isa = PBXNativeTarget;
			buildConfigurationList = 7418E10028A0FBC400E4355B /* Build configuration list for PBXNativeTarget "SurfSummerSchoolProject" */;
			buildPhases = (
				7418E0D228A0FBC300E4355B /* Sources */,
				7418E0D328A0FBC300E4355B /* Frameworks */,
				7418E0D428A0FBC300E4355B /* Resources */,
			);
			buildRules = (
			);
			dependencies = (
			);
			name = SurfSummerSchoolProject;
			productName = SurfSummerSchoolProject;
			productReference = 7418E0D628A0FBC300E4355B /* SurfSummerSchoolProject.app */;
			productType = "com.apple.product-type.application";
		};
/* End PBXNativeTarget section */

/* Begin PBXProject section */
		7418E0CE28A0FBC300E4355B /* Project object */ = {
			isa = PBXProject;
			attributes = {
				BuildIndependentTargetsInParallel = 1;
				LastSwiftUpdateCheck = 1340;
				LastUpgradeCheck = 1340;
				TargetAttributes = {
					7418E0D528A0FBC300E4355B = {
						CreatedOnToolsVersion = 13.4.1;
					};
				};
			};
			buildConfigurationList = 7418E0D128A0FBC300E4355B /* Build configuration list for PBXProject "SurfSummerSchoolProject" */;
			compatibilityVersion = "Xcode 13.0";
			developmentRegion = en;
			hasScannedForEncodings = 0;
			knownRegions = (
				en,
				Base,
			);
			mainGroup = 7418E0CD28A0FBC300E4355B;
			productRefGroup = 7418E0D728A0FBC300E4355B /* Products */;
			projectDirPath = "";
			projectRoot = "";
			targets = (
				7418E0D528A0FBC300E4355B /* SurfSummerSchoolProject */,
			);
		};
/* End PBXProject section */

/* Begin PBXResourcesBuildPhase section */
		7418E0D428A0FBC300E4355B /* Resources */ = {
			isa = PBXResourcesBuildPhase;
			buildActionMask = 2147483647;
			files = (
				74F95FFB28A268F500E763A4 /* DetailTextTableViewCell.xib in Resources */,
				7418E0E628A0FBC400E4355B /* LaunchScreen.storyboard in Resources */,
				7418E0E328A0FBC400E4355B /* Assets.xcassets in Resources */,
				74F95FFF28A2690F00E763A4 /* DetailTitleTableViewCell.xib in Resources */,
				7418E11C28A0FF1E00E4355B /* FavoriteViewController.xib in Resources */,
				74F95FF428A2684200E763A4 /* DetailViewController.xib in Resources */,
				74F95FEC28A264E100E763A4 /* MainItemCollectionViewCell.xib in Resources */,
				7418E0E128A0FBC300E4355B /* Main.storyboard in Resources */,
				7418E11728A0FEE300E4355B /* ProfileViewController.xib in Resources */,
				7418E11228A0FEAA00E4355B /* MainViewController.xib in Resources */,
				74F9600328A2692A00E763A4 /* DetailImageTableViewCell.xib in Resources */,
			);
			runOnlyForDeploymentPostprocessing = 0;
		};
/* End PBXResourcesBuildPhase section */

/* Begin PBXSourcesBuildPhase section */
		7418E0D228A0FBC300E4355B /* Sources */ = {
			isa = PBXSourcesBuildPhase;
			buildActionMask = 2147483647;
			files = (
				74F95FFA28A268F500E763A4 /* DetailTextTableViewCell.swift in Sources */,
				74F95FFE28A2690F00E763A4 /* DetailTitleTableViewCell.swift in Sources */,
				7418E10D28A0FDAA00E4355B /* TabBarConfigurator.swift in Sources */,
				7418E10B28A0FD1600E4355B /* TabBarModel.swift in Sources */,
				74F9600228A2692A00E763A4 /* DetailImageTableViewCell.swift in Sources */,
				7418E11128A0FEAA00E4355B /* MainViewController.swift in Sources */,
				74F95FEE28A2678C00E763A4 /* DetailItemModel.swift in Sources */,
				74F95FE728A2648900E763A4 /* MainModel.swift in Sources */,
				74F95FEB28A264E100E763A4 /* MainItemCollectionViewCell.swift in Sources */,
				7418E11628A0FEE300E4355B /* ProfileViewController.swift in Sources */,
				74F95FF328A2684200E763A4 /* DetailViewController.swift in Sources */,
				7418E0DA28A0FBC300E4355B /* AppDelegate.swift in Sources */,
				7418E11B28A0FF1E00E4355B /* FavoriteViewController.swift in Sources */,
			);
			runOnlyForDeploymentPostprocessing = 0;
		};
/* End PBXSourcesBuildPhase section */

/* Begin PBXVariantGroup section */
		7418E0DF28A0FBC300E4355B /* Main.storyboard */ = {
			isa = PBXVariantGroup;
			children = (
				7418E0E028A0FBC300E4355B /* Base */,
			);
			name = Main.storyboard;
			sourceTree = "<group>";
		};
		7418E0E428A0FBC400E4355B /* LaunchScreen.storyboard */ = {
			isa = PBXVariantGroup;
			children = (
				7418E0E528A0FBC400E4355B /* Base */,
			);
			name = LaunchScreen.storyboard;
			sourceTree = "<group>";
		};
/* End PBXVariantGroup section */

/* Begin XCBuildConfiguration section */
		7418E0FE28A0FBC400E4355B /* Debug */ = {
			isa = XCBuildConfiguration;
			buildSettings = {
				ALWAYS_SEARCH_USER_PATHS = NO;
				CLANG_ANALYZER_NONNULL = YES;
				CLANG_ANALYZER_NUMBER_OBJECT_CONVERSION = YES_AGGRESSIVE;
				CLANG_CXX_LANGUAGE_STANDARD = "gnu++17";
				CLANG_ENABLE_MODULES = YES;
				CLANG_ENABLE_OBJC_ARC = YES;
				CLANG_ENABLE_OBJC_WEAK = YES;
				CLANG_WARN_BLOCK_CAPTURE_AUTORELEASING = YES;
				CLANG_WARN_BOOL_CONVERSION = YES;
				CLANG_WARN_COMMA = YES;
				CLANG_WARN_CONSTANT_CONVERSION = YES;
				CLANG_WARN_DEPRECATED_OBJC_IMPLEMENTATIONS = YES;
				CLANG_WARN_DIRECT_OBJC_ISA_USAGE = YES_ERROR;
				CLANG_WARN_DOCUMENTATION_COMMENTS = YES;
				CLANG_WARN_EMPTY_BODY = YES;
				CLANG_WARN_ENUM_CONVERSION = YES;
				CLANG_WARN_INFINITE_RECURSION = YES;
				CLANG_WARN_INT_CONVERSION = YES;
				CLANG_WARN_NON_LITERAL_NULL_CONVERSION = YES;
				CLANG_WARN_OBJC_IMPLICIT_RETAIN_SELF = YES;
				CLANG_WARN_OBJC_LITERAL_CONVERSION = YES;
				CLANG_WARN_OBJC_ROOT_CLASS = YES_ERROR;
				CLANG_WARN_QUOTED_INCLUDE_IN_FRAMEWORK_HEADER = YES;
				CLANG_WARN_RANGE_LOOP_ANALYSIS = YES;
				CLANG_WARN_STRICT_PROTOTYPES = YES;
				CLANG_WARN_SUSPICIOUS_MOVE = YES;
				CLANG_WARN_UNGUARDED_AVAILABILITY = YES_AGGRESSIVE;
				CLANG_WARN_UNREACHABLE_CODE = YES;
				CLANG_WARN__DUPLICATE_METHOD_MATCH = YES;
				COPY_PHASE_STRIP = NO;
				DEBUG_INFORMATION_FORMAT = dwarf;
				ENABLE_STRICT_OBJC_MSGSEND = YES;
				ENABLE_TESTABILITY = YES;
				GCC_C_LANGUAGE_STANDARD = gnu11;
				GCC_DYNAMIC_NO_PIC = NO;
				GCC_NO_COMMON_BLOCKS = YES;
				GCC_OPTIMIZATION_LEVEL = 0;
				GCC_PREPROCESSOR_DEFINITIONS = (
					"DEBUG=1",
					"$(inherited)",
				);
				GCC_WARN_64_TO_32_BIT_CONVERSION = YES;
				GCC_WARN_ABOUT_RETURN_TYPE = YES_ERROR;
				GCC_WARN_UNDECLARED_SELECTOR = YES;
				GCC_WARN_UNINITIALIZED_AUTOS = YES_AGGRESSIVE;
				GCC_WARN_UNUSED_FUNCTION = YES;
				GCC_WARN_UNUSED_VARIABLE = YES;
				IPHONEOS_DEPLOYMENT_TARGET = 15.5;
				MTL_ENABLE_DEBUG_INFO = INCLUDE_SOURCE;
				MTL_FAST_MATH = YES;
				ONLY_ACTIVE_ARCH = YES;
				SDKROOT = iphoneos;
				SWIFT_ACTIVE_COMPILATION_CONDITIONS = DEBUG;
				SWIFT_OPTIMIZATION_LEVEL = "-Onone";
			};
			name = Debug;
		};
		7418E0FF28A0FBC400E4355B /* Release */ = {
			isa = XCBuildConfiguration;
			buildSettings = {
				ALWAYS_SEARCH_USER_PATHS = NO;
				CLANG_ANALYZER_NONNULL = YES;
				CLANG_ANALYZER_NUMBER_OBJECT_CONVERSION = YES_AGGRESSIVE;
				CLANG_CXX_LANGUAGE_STANDARD = "gnu++17";
				CLANG_ENABLE_MODULES = YES;
				CLANG_ENABLE_OBJC_ARC = YES;
				CLANG_ENABLE_OBJC_WEAK = YES;
				CLANG_WARN_BLOCK_CAPTURE_AUTORELEASING = YES;
				CLANG_WARN_BOOL_CONVERSION = YES;
				CLANG_WARN_COMMA = YES;
				CLANG_WARN_CONSTANT_CONVERSION = YES;
				CLANG_WARN_DEPRECATED_OBJC_IMPLEMENTATIONS = YES;
				CLANG_WARN_DIRECT_OBJC_ISA_USAGE = YES_ERROR;
				CLANG_WARN_DOCUMENTATION_COMMENTS = YES;
				CLANG_WARN_EMPTY_BODY = YES;
				CLANG_WARN_ENUM_CONVERSION = YES;
				CLANG_WARN_INFINITE_RECURSION = YES;
				CLANG_WARN_INT_CONVERSION = YES;
				CLANG_WARN_NON_LITERAL_NULL_CONVERSION = YES;
				CLANG_WARN_OBJC_IMPLICIT_RETAIN_SELF = YES;
				CLANG_WARN_OBJC_LITERAL_CONVERSION = YES;
				CLANG_WARN_OBJC_ROOT_CLASS = YES_ERROR;
				CLANG_WARN_QUOTED_INCLUDE_IN_FRAMEWORK_HEADER = YES;
				CLANG_WARN_RANGE_LOOP_ANALYSIS = YES;
				CLANG_WARN_STRICT_PROTOTYPES = YES;
				CLANG_WARN_SUSPICIOUS_MOVE = YES;
				CLANG_WARN_UNGUARDED_AVAILABILITY = YES_AGGRESSIVE;
				CLANG_WARN_UNREACHABLE_CODE = YES;
				CLANG_WARN__DUPLICATE_METHOD_MATCH = YES;
				COPY_PHASE_STRIP = NO;
				DEBUG_INFORMATION_FORMAT = "dwarf-with-dsym";
				ENABLE_NS_ASSERTIONS = NO;
				ENABLE_STRICT_OBJC_MSGSEND = YES;
				GCC_C_LANGUAGE_STANDARD = gnu11;
				GCC_NO_COMMON_BLOCKS = YES;
				GCC_WARN_64_TO_32_BIT_CONVERSION = YES;
				GCC_WARN_ABOUT_RETURN_TYPE = YES_ERROR;
				GCC_WARN_UNDECLARED_SELECTOR = YES;
				GCC_WARN_UNINITIALIZED_AUTOS = YES_AGGRESSIVE;
				GCC_WARN_UNUSED_FUNCTION = YES;
				GCC_WARN_UNUSED_VARIABLE = YES;
				IPHONEOS_DEPLOYMENT_TARGET = 15.5;
				MTL_ENABLE_DEBUG_INFO = NO;
				MTL_FAST_MATH = YES;
				SDKROOT = iphoneos;
				SWIFT_COMPILATION_MODE = wholemodule;
				SWIFT_OPTIMIZATION_LEVEL = "-O";
				VALIDATE_PRODUCT = YES;
			};
			name = Release;
		};
		7418E10128A0FBC400E4355B /* Debug */ = {
			isa = XCBuildConfiguration;
			buildSettings = {
				ASSETCATALOG_COMPILER_APPICON_NAME = AppIcon;
				ASSETCATALOG_COMPILER_GLOBAL_ACCENT_COLOR_NAME = AccentColor;
				CODE_SIGN_STYLE = Automatic;
				CURRENT_PROJECT_VERSION = 1;
				GENERATE_INFOPLIST_FILE = YES;
				INFOPLIST_FILE = SurfSummerSchoolProject/Info.plist;
				INFOPLIST_KEY_UIApplicationSupportsIndirectInputEvents = YES;
				INFOPLIST_KEY_UILaunchStoryboardName = LaunchScreen;
				INFOPLIST_KEY_UISupportedInterfaceOrientations_iPad = "UIInterfaceOrientationPortrait UIInterfaceOrientationPortraitUpsideDown UIInterfaceOrientationLandscapeLeft UIInterfaceOrientationLandscapeRight";
				INFOPLIST_KEY_UISupportedInterfaceOrientations_iPhone = "UIInterfaceOrientationPortrait UIInterfaceOrientationLandscapeLeft UIInterfaceOrientationLandscapeRight";
				LD_RUNPATH_SEARCH_PATHS = (
					"$(inherited)",
					"@executable_path/Frameworks",
				);
				MARKETING_VERSION = 1.0;
				PRODUCT_BUNDLE_IDENTIFIER = mikhail.SurfSummerSchoolProject;
				PRODUCT_NAME = "$(TARGET_NAME)";
				SWIFT_EMIT_LOC_STRINGS = YES;
				SWIFT_VERSION = 5.0;
				TARGETED_DEVICE_FAMILY = "1,2";
			};
			name = Debug;
		};
		7418E10228A0FBC400E4355B /* Release */ = {
			isa = XCBuildConfiguration;
			buildSettings = {
				ASSETCATALOG_COMPILER_APPICON_NAME = AppIcon;
				ASSETCATALOG_COMPILER_GLOBAL_ACCENT_COLOR_NAME = AccentColor;
				CODE_SIGN_STYLE = Automatic;
				CURRENT_PROJECT_VERSION = 1;
				GENERATE_INFOPLIST_FILE = YES;
				INFOPLIST_FILE = SurfSummerSchoolProject/Info.plist;
				INFOPLIST_KEY_UIApplicationSupportsIndirectInputEvents = YES;
				INFOPLIST_KEY_UILaunchStoryboardName = LaunchScreen;
				INFOPLIST_KEY_UISupportedInterfaceOrientations_iPad = "UIInterfaceOrientationPortrait UIInterfaceOrientationPortraitUpsideDown UIInterfaceOrientationLandscapeLeft UIInterfaceOrientationLandscapeRight";
				INFOPLIST_KEY_UISupportedInterfaceOrientations_iPhone = "UIInterfaceOrientationPortrait UIInterfaceOrientationLandscapeLeft UIInterfaceOrientationLandscapeRight";
				LD_RUNPATH_SEARCH_PATHS = (
					"$(inherited)",
					"@executable_path/Frameworks",
				);
				MARKETING_VERSION = 1.0;
				PRODUCT_BUNDLE_IDENTIFIER = mikhail.SurfSummerSchoolProject;
				PRODUCT_NAME = "$(TARGET_NAME)";
				SWIFT_EMIT_LOC_STRINGS = YES;
				SWIFT_VERSION = 5.0;
				TARGETED_DEVICE_FAMILY = "1,2";
			};
			name = Release;
		};
/* End XCBuildConfiguration section */

/* Begin XCConfigurationList section */
		7418E0D128A0FBC300E4355B /* Build configuration list for PBXProject "SurfSummerSchoolProject" */ = {
			isa = XCConfigurationList;
			buildConfigurations = (
				7418E0FE28A0FBC400E4355B /* Debug */,
				7418E0FF28A0FBC400E4355B /* Release */,
			);
			defaultConfigurationIsVisible = 0;
			defaultConfigurationName = Release;
		};
		7418E10028A0FBC400E4355B /* Build configuration list for PBXNativeTarget "SurfSummerSchoolProject" */ = {
			isa = XCConfigurationList;
			buildConfigurations = (
				7418E10128A0FBC400E4355B /* Debug */,
				7418E10228A0FBC400E4355B /* Release */,
			);
			defaultConfigurationIsVisible = 0;
			defaultConfigurationName = Release;
		};
/* End XCConfigurationList section */
	};
	rootObject = 7418E0CE28A0FBC300E4355B /* Project object */;
}
